
Microsoft Visual Studio Solution File, Format Version 12.00
# Visual Studio Version 17
VisualStudioVersion = 17.12.35323.107
MinimumVisualStudioVersion = 10.0.40219.1
Project("{FAE04EC0-301F-11D3-BF4B-00C04F79EFBC}") = "Member.Domain", "Member.Domain\Member.Domain.csproj", "{D996BF44-10E7-4A7A-A670-32795E3B5DFF}"
EndProject
Project("{FAE04EC0-301F-11D3-BF4B-00C04F79EFBC}") = "Member.Application", "Member.Application\Member.Application.csproj", "{9C1FE32A-EA78-446A-AE8B-810995E5B5EC}"
EndProject
Project("{FAE04EC0-301F-11D3-BF4B-00C04F79EFBC}") = "Member.Infrastructure", "Member.Infrastructure\Member.Infrastructure.csproj", "{95E9A782-33A3-42A5-A366-2A61E7767CF4}"
EndProject
Project("{FAE04EC0-301F-11D3-BF4B-00C04F79EFBC}") = "Member.Presentation", "Member.Presentation\Member.Presentation.csproj", "{C0B7527C-4341-43E0-8968-844E89431673}"
EndProject
Global
	GlobalSection(SolutionConfigurationPlatforms) = preSolution
		Debug|Any CPU = Debug|Any CPU
		Release|Any CPU = Release|Any CPU
	EndGlobalSection
	GlobalSection(ProjectConfigurationPlatforms) = postSolution
		{D996BF44-10E7-4A7A-A670-32795E3B5DFF}.Debug|Any CPU.ActiveCfg = Debug|Any CPU
		{D996BF44-10E7-4A7A-A670-32795E3B5DFF}.Debug|Any CPU.Build.0 = Debug|Any CPU
		{D996BF44-10E7-4A7A-A670-32795E3B5DFF}.Release|Any CPU.ActiveCfg = Release|Any CPU
		{D996BF44-10E7-4A7A-A670-32795E3B5DFF}.Release|Any CPU.Build.0 = Release|Any CPU
		{9C1FE32A-EA78-446A-AE8B-810995E5B5EC}.Debug|Any CPU.ActiveCfg = Debug|Any CPU
		{9C1FE32A-EA78-446A-AE8B-810995E5B5EC}.Debug|Any CPU.Build.0 = Debug|Any CPU
		{9C1FE32A-EA78-446A-AE8B-810995E5B5EC}.Release|Any CPU.ActiveCfg = Release|Any CPU
		{9C1FE32A-EA78-446A-AE8B-810995E5B5EC}.Release|Any CPU.Build.0 = Release|Any CPU
		{95E9A782-33A3-42A5-A366-2A61E7767CF4}.Debug|Any CPU.ActiveCfg = Debug|Any CPU
		{95E9A782-33A3-42A5-A366-2A61E7767CF4}.Debug|Any CPU.Build.0 = Debug|Any CPU
		{95E9A782-33A3-42A5-A366-2A61E7767CF4}.Release|Any CPU.ActiveCfg = Release|Any CPU
		{95E9A782-33A3-42A5-A366-2A61E7767CF4}.Release|Any CPU.Build.0 = Release|Any CPU
		{C0B7527C-4341-43E0-8968-844E89431673}.Debug|Any CPU.ActiveCfg = Debug|Any CPU
		{C0B7527C-4341-43E0-8968-844E89431673}.Debug|Any CPU.Build.0 = Debug|Any CPU
		{C0B7527C-4341-43E0-8968-844E89431673}.Release|Any CPU.ActiveCfg = Release|Any CPU
		{C0B7527C-4341-43E0-8968-844E89431673}.Release|Any CPU.Build.0 = Release|Any CPU
	EndGlobalSection
	GlobalSection(SolutionProperties) = preSolution
		HideSolutionNode = FALSE
	EndGlobalSection
	GlobalSection(ExtensibilityGlobals) = postSolution
		SolutionGuid = {D02FA639-B94C-4690-B92F-09366A4611F6}
	EndGlobalSection
EndGlobal
